
Microsoft Visual Studio Solution File, Format Version 12.00
# Visual Studio 15
VisualStudioVersion = 15.0.27703.2042
MinimumVisualStudioVersion = 10.0.40219.1
Project("{F184B08F-C81C-45F6-A57F-5ABD9991F28F}") = "GitHub_SalesCommission", "GitHub_SalesCommission\GitHub_SalesCommission.vbproj", "{6169DA64-5585-4E57-BFF8-82054BD05D75}"
EndProject
Global
	GlobalSection(SolutionConfigurationPlatforms) = preSolution
		Debug|Any CPU = Debug|Any CPU
		Release|Any CPU = Release|Any CPU
	EndGlobalSection
	GlobalSection(ProjectConfigurationPlatforms) = postSolution
		{6169DA64-5585-4E57-BFF8-82054BD05D75}.Debug|Any CPU.ActiveCfg = Debug|Any CPU
		{6169DA64-5585-4E57-BFF8-82054BD05D75}.Debug|Any CPU.Build.0 = Debug|Any CPU
		{6169DA64-5585-4E57-BFF8-82054BD05D75}.Release|Any CPU.ActiveCfg = Release|Any CPU
		{6169DA64-5585-4E57-BFF8-82054BD05D75}.Release|Any CPU.Build.0 = Release|Any CPU
	EndGlobalSection
	GlobalSection(SolutionProperties) = preSolution
		HideSolutionNode = FALSE
	EndGlobalSection
	GlobalSection(ExtensibilityGlobals) = postSolution
		SolutionGuid = {4D8D1B3E-CABD-49B9-8984-191456603808}
	EndGlobalSection
EndGlobal
